
Microsoft Visual Studio Solution File, Format Version 12.00
# Visual Studio Version 17
VisualStudioVersion = 17.0.31912.275
MinimumVisualStudioVersion = 10.0.40219.1
Project("{FAE04EC0-301F-11D3-BF4B-00C04F79EFBC}") = "ImageResizerDemo", "ImageResizerDemo.csproj", "{FA409E08-C924-482A-94B8-B47FABBC9336}"
EndProject
Global
	GlobalSection(SolutionConfigurationPlatforms) = preSolution
		Debug|Any CPU = Debug|Any CPU
		Release|Any CPU = Release|Any CPU
	EndGlobalSection
	GlobalSection(ProjectConfigurationPlatforms) = postSolution
		{FA409E08-C924-482A-94B8-B47FABBC9336}.Debug|Any CPU.ActiveCfg = Debug|Any CPU
		{FA409E08-C924-482A-94B8-B47FABBC9336}.Debug|Any CPU.Build.0 = Debug|Any CPU
		{FA409E08-C924-482A-94B8-B47FABBC9336}.Release|Any CPU.ActiveCfg = Release|Any CPU
		{FA409E08-C924-482A-94B8-B47FABBC9336}.Release|Any CPU.Build.0 = Release|Any CPU
	EndGlobalSection
	GlobalSection(SolutionProperties) = preSolution
		HideSolutionNode = FALSE
	EndGlobalSection
	GlobalSection(ExtensibilityGlobals) = postSolution
		SolutionGuid = {E1085E67-EC46-4214-BEE0-8A7187C9ACFC}
	EndGlobalSection
EndGlobal
